// !$*UTF8*$!
{
	archiveVersion = 1;
	classes = {
	};
	objectVersion = 50;
	objects = {

/* Begin PBXBuildFile section */
		3E0A95BD23D5F29E0082373B /* AppDelegate.swift in Sources */ = {isa = PBXBuildFile; fileRef = 3E0A95BC23D5F29E0082373B /* AppDelegate.swift */; };
		3E0A95BF23D5F29E0082373B /* SceneDelegate.swift in Sources */ = {isa = PBXBuildFile; fileRef = 3E0A95BE23D5F29E0082373B /* SceneDelegate.swift */; };
		3E0A95C223D5F29E0082373B /* sImple_Meditation.xcdatamodeld in Sources */ = {isa = PBXBuildFile; fileRef = 3E0A95C023D5F29E0082373B /* sImple_Meditation.xcdatamodeld */; };
		3E0A95C423D5F29E0082373B /* ContentView.swift in Sources */ = {isa = PBXBuildFile; fileRef = 3E0A95C323D5F29E0082373B /* ContentView.swift */; };
		3E0A95C623D5F2A10082373B /* Assets.xcassets in Resources */ = {isa = PBXBuildFile; fileRef = 3E0A95C523D5F2A10082373B /* Assets.xcassets */; };
		3E0A95C923D5F2A10082373B /* Preview Assets.xcassets in Resources */ = {isa = PBXBuildFile; fileRef = 3E0A95C823D5F2A10082373B /* Preview Assets.xcassets */; };
		3E0A95CC23D5F2A10082373B /* LaunchScreen.storyboard in Resources */ = {isa = PBXBuildFile; fileRef = 3E0A95CA23D5F2A10082373B /* LaunchScreen.storyboard */; };
		3E0A95D723D5F2A20082373B /* sImple_MeditationTests.swift in Sources */ = {isa = PBXBuildFile; fileRef = 3E0A95D623D5F2A20082373B /* sImple_MeditationTests.swift */; };
		3E0A95E223D5F2A20082373B /* sImple_MeditationUITests.swift in Sources */ = {isa = PBXBuildFile; fileRef = 3E0A95E123D5F2A20082373B /* sImple_MeditationUITests.swift */; };
		3E0A95F023D5F2DB0082373B /* TimerModel.swift in Sources */ = {isa = PBXBuildFile; fileRef = 3E0A95EF23D5F2DB0082373B /* TimerModel.swift */; };
/* End PBXBuildFile section */

/* Begin PBXContainerItemProxy section */
		3E0A95D323D5F2A20082373B /* PBXContainerItemProxy */ = {
			isa = PBXContainerItemProxy;
			containerPortal = 3E0A95B123D5F29E0082373B /* Project object */;
			proxyType = 1;
			remoteGlobalIDString = 3E0A95B823D5F29E0082373B;
			remoteInfo = "sImple Meditation";
		};
		3E0A95DE23D5F2A20082373B /* PBXContainerItemProxy */ = {
			isa = PBXContainerItemProxy;
			containerPortal = 3E0A95B123D5F29E0082373B /* Project object */;
			proxyType = 1;
			remoteGlobalIDString = 3E0A95B823D5F29E0082373B;
			remoteInfo = "sImple Meditation";
		};
/* End PBXContainerItemProxy section */

/* Begin PBXFileReference section */
		3E0A95B923D5F29E0082373B /* sImple Meditation.app */ = {isa = PBXFileReference; explicitFileType = wrapper.application; includeInIndex = 0; path = "sImple Meditation.app"; sourceTree = BUILT_PRODUCTS_DIR; };
		3E0A95BC23D5F29E0082373B /* AppDelegate.swift */ = {isa = PBXFileReference; lastKnownFileType = sourcecode.swift; path = AppDelegate.swift; sourceTree = "<group>"; };
		3E0A95BE23D5F29E0082373B /* SceneDelegate.swift */ = {isa = PBXFileReference; lastKnownFileType = sourcecode.swift; path = SceneDelegate.swift; sourceTree = "<group>"; };
		3E0A95C123D5F29E0082373B /* sImple_Meditation.xcdatamodel */ = {isa = PBXFileReference; lastKnownFileType = wrapper.xcdatamodel; path = sImple_Meditation.xcdatamodel; sourceTree = "<group>"; };
		3E0A95C323D5F29E0082373B /* ContentView.swift */ = {isa = PBXFileReference; lastKnownFileType = sourcecode.swift; path = ContentView.swift; sourceTree = "<group>"; };
		3E0A95C523D5F2A10082373B /* Assets.xcassets */ = {isa = PBXFileReference; lastKnownFileType = folder.assetcatalog; path = Assets.xcassets; sourceTree = "<group>"; };
		3E0A95C823D5F2A10082373B /* Preview Assets.xcassets */ = {isa = PBXFileReference; lastKnownFileType = folder.assetcatalog; path = "Preview Assets.xcassets"; sourceTree = "<group>"; };
		3E0A95CB23D5F2A10082373B /* Base */ = {isa = PBXFileReference; lastKnownFileType = file.storyboard; name = Base; path = Base.lproj/LaunchScreen.storyboard; sourceTree = "<group>"; };
		3E0A95CD23D5F2A10082373B /* Info.plist */ = {isa = PBXFileReference; lastKnownFileType = text.plist.xml; path = Info.plist; sourceTree = "<group>"; };
		3E0A95D223D5F2A20082373B /* sImple MeditationTests.xctest */ = {isa = PBXFileReference; explicitFileType = wrapper.cfbundle; includeInIndex = 0; path = "sImple MeditationTests.xctest"; sourceTree = BUILT_PRODUCTS_DIR; };
		3E0A95D623D5F2A20082373B /* sImple_MeditationTests.swift */ = {isa = PBXFileReference; lastKnownFileType = sourcecode.swift; path = sImple_MeditationTests.swift; sourceTree = "<group>"; };
		3E0A95D823D5F2A20082373B /* Info.plist */ = {isa = PBXFileReference; lastKnownFileType = text.plist.xml; path = Info.plist; sourceTree = "<group>"; };
		3E0A95DD23D5F2A20082373B /* sImple MeditationUITests.xctest */ = {isa = PBXFileReference; explicitFileType = wrapper.cfbundle; includeInIndex = 0; path = "sImple MeditationUITests.xctest"; sourceTree = BUILT_PRODUCTS_DIR; };
		3E0A95E123D5F2A20082373B /* sImple_MeditationUITests.swift */ = {isa = PBXFileReference; lastKnownFileType = sourcecode.swift; path = sImple_MeditationUITests.swift; sourceTree = "<group>"; };
		3E0A95E323D5F2A20082373B /* Info.plist */ = {isa = PBXFileReference; lastKnownFileType = text.plist.xml; path = Info.plist; sourceTree = "<group>"; };
		3E0A95EF23D5F2DB0082373B /* TimerModel.swift */ = {isa = PBXFileReference; lastKnownFileType = sourcecode.swift; path = TimerModel.swift; sourceTree = "<group>"; };
/* End PBXFileReference section */

/* Begin PBXFrameworksBuildPhase section */
		3E0A95B623D5F29E0082373B /* Frameworks */ = {
			isa = PBXFrameworksBuildPhase;
			buildActionMask = 2147483647;
			files = (
			);
			runOnlyForDeploymentPostprocessing = 0;
		};
		3E0A95CF23D5F2A20082373B /* Frameworks */ = {
			isa = PBXFrameworksBuildPhase;
			buildActionMask = 2147483647;
			files = (
			);
			runOnlyForDeploymentPostprocessing = 0;
		};
		3E0A95DA23D5F2A20082373B /* Frameworks */ = {
			isa = PBXFrameworksBuildPhase;
			buildActionMask = 2147483647;
			files = (
			);
			runOnlyForDeploymentPostprocessing = 0;
		};
/* End PBXFrameworksBuildPhase section */

/* Begin PBXGroup section */
		3E0A95B023D5F29E0082373B = {
			isa = PBXGroup;
			children = (
				3E0A95BB23D5F29E0082373B /* sImple Meditation */,
				3E0A95D523D5F2A20082373B /* sImple MeditationTests */,
				3E0A95E023D5F2A20082373B /* sImple MeditationUITests */,
				3E0A95BA23D5F29E0082373B /* Products */,
			);
			sourceTree = "<group>";
		};
		3E0A95BA23D5F29E0082373B /* Products */ = {
			isa = PBXGroup;
			children = (
				3E0A95B923D5F29E0082373B /* sImple Meditation.app */,
				3E0A95D223D5F2A20082373B /* sImple MeditationTests.xctest */,
				3E0A95DD23D5F2A20082373B /* sImple MeditationUITests.xctest */,
			);
			name = Products;
			sourceTree = "<group>";
		};
		3E0A95BB23D5F29E0082373B /* sImple Meditation */ = {
			isa = PBXGroup;
			children = (
				3E0A95BC23D5F29E0082373B /* AppDelegate.swift */,
				3E0A95BE23D5F29E0082373B /* SceneDelegate.swift */,
				3E0A95C323D5F29E0082373B /* ContentView.swift */,
				3E0A95EF23D5F2DB0082373B /* TimerModel.swift */,
				3E0A95C523D5F2A10082373B /* Assets.xcassets */,
				3E0A95CA23D5F2A10082373B /* LaunchScreen.storyboard */,
				3E0A95CD23D5F2A10082373B /* Info.plist */,
				3E0A95C023D5F29E0082373B /* sImple_Meditation.xcdatamodeld */,
				3E0A95C723D5F2A10082373B /* Preview Content */,
			);
			path = "sImple Meditation";
			sourceTree = "<group>";
		};
		3E0A95C723D5F2A10082373B /* Preview Content */ = {
			isa = PBXGroup;
			children = (
				3E0A95C823D5F2A10082373B /* Preview Assets.xcassets */,
			);
			path = "Preview Content";
			sourceTree = "<group>";
		};
		3E0A95D523D5F2A20082373B /* sImple MeditationTests */ = {
			isa = PBXGroup;
			children = (
				3E0A95D623D5F2A20082373B /* sImple_MeditationTests.swift */,
				3E0A95D823D5F2A20082373B /* Info.plist */,
			);
			path = "sImple MeditationTests";
			sourceTree = "<group>";
		};
		3E0A95E023D5F2A20082373B /* sImple MeditationUITests */ = {
			isa = PBXGroup;
			children = (
				3E0A95E123D5F2A20082373B /* sImple_MeditationUITests.swift */,
				3E0A95E323D5F2A20082373B /* Info.plist */,
			);
			path = "sImple MeditationUITests";
			sourceTree = "<group>";
		};
/* End PBXGroup section */

/* Begin PBXNativeTarget section */
		3E0A95B823D5F29E0082373B /* sImple Meditation */ = {
			isa = PBXNativeTarget;
			buildConfigurationList = 3E0A95E623D5F2A20082373B /* Build configuration list for PBXNativeTarget "sImple Meditation" */;
			buildPhases = (
				3E0A95B523D5F29E0082373B /* Sources */,
				3E0A95B623D5F29E0082373B /* Frameworks */,
				3E0A95B723D5F29E0082373B /* Resources */,
			);
			buildRules = (
			);
			dependencies = (
			);
			name = "sImple Meditation";
			productName = "sImple Meditation";
			productReference = 3E0A95B923D5F29E0082373B /* sImple Meditation.app */;
			productType = "com.apple.product-type.application";
		};
		3E0A95D123D5F2A20082373B /* sImple MeditationTests */ = {
			isa = PBXNativeTarget;
			buildConfigurationList = 3E0A95E923D5F2A20082373B /* Build configuration list for PBXNativeTarget "sImple MeditationTests" */;
			buildPhases = (
				3E0A95CE23D5F2A20082373B /* Sources */,
				3E0A95CF23D5F2A20082373B /* Frameworks */,
				3E0A95D023D5F2A20082373B /* Resources */,
			);
			buildRules = (
			);
			dependencies = (
				3E0A95D423D5F2A20082373B /* PBXTargetDependency */,
			);
			name = "sImple MeditationTests";
			productName = "sImple MeditationTests";
			productReference = 3E0A95D223D5F2A20082373B /* sImple MeditationTests.xctest */;
			productType = "com.apple.product-type.bundle.unit-test";
		};
		3E0A95DC23D5F2A20082373B /* sImple MeditationUITests */ = {
			isa = PBXNativeTarget;
			buildConfigurationList = 3E0A95EC23D5F2A20082373B /* Build configuration list for PBXNativeTarget "sImple MeditationUITests" */;
			buildPhases = (
				3E0A95D923D5F2A20082373B /* Sources */,
				3E0A95DA23D5F2A20082373B /* Frameworks */,
				3E0A95DB23D5F2A20082373B /* Resources */,
			);
			buildRules = (
			);
			dependencies = (
				3E0A95DF23D5F2A20082373B /* PBXTargetDependency */,
			);
			name = "sImple MeditationUITests";
			productName = "sImple MeditationUITests";
			productReference = 3E0A95DD23D5F2A20082373B /* sImple MeditationUITests.xctest */;
			productType = "com.apple.product-type.bundle.ui-testing";
		};
/* End PBXNativeTarget section */

/* Begin PBXProject section */
		3E0A95B123D5F29E0082373B /* Project object */ = {
			isa = PBXProject;
			attributes = {
				LastSwiftUpdateCheck = 1130;
				LastUpgradeCheck = 1130;
				ORGANIZATIONNAME = "sImple apps";
				TargetAttributes = {
					3E0A95B823D5F29E0082373B = {
						CreatedOnToolsVersion = 11.3.1;
					};
					3E0A95D123D5F2A20082373B = {
						CreatedOnToolsVersion = 11.3.1;
						TestTargetID = 3E0A95B823D5F29E0082373B;
					};
					3E0A95DC23D5F2A20082373B = {
						CreatedOnToolsVersion = 11.3.1;
						TestTargetID = 3E0A95B823D5F29E0082373B;
					};
				};
			};
			buildConfigurationList = 3E0A95B423D5F29E0082373B /* Build configuration list for PBXProject "sImple Meditation" */;
			compatibilityVersion = "Xcode 9.3";
			developmentRegion = en;
			hasScannedForEncodings = 0;
			knownRegions = (
				en,
				Base,
			);
			mainGroup = 3E0A95B023D5F29E0082373B;
			productRefGroup = 3E0A95BA23D5F29E0082373B /* Products */;
			projectDirPath = "";
			projectRoot = "";
			targets = (
				3E0A95B823D5F29E0082373B /* sImple Meditation */,
				3E0A95D123D5F2A20082373B /* sImple MeditationTests */,
				3E0A95DC23D5F2A20082373B /* sImple MeditationUITests */,
			);
		};
/* End PBXProject section */

/* Begin PBXResourcesBuildPhase section */
		3E0A95B723D5F29E0082373B /* Resources */ = {
			isa = PBXResourcesBuildPhase;
			buildActionMask = 2147483647;
			files = (
				3E0A95CC23D5F2A10082373B /* LaunchScreen.storyboard in Resources */,
				3E0A95C923D5F2A10082373B /* Preview Assets.xcassets in Resources */,
				3E0A95C623D5F2A10082373B /* Assets.xcassets in Resources */,
			);
			runOnlyForDeploymentPostprocessing = 0;
		};
		3E0A95D023D5F2A20082373B /* Resources */ = {
			isa = PBXResourcesBuildPhase;
			buildActionMask = 2147483647;
			files = (
			);
			runOnlyForDeploymentPostprocessing = 0;
		};
		3E0A95DB23D5F2A20082373B /* Resources */ = {
			isa = PBXResourcesBuildPhase;
			buildActionMask = 2147483647;
			files = (
			);
			runOnlyForDeploymentPostprocessing = 0;
		};
/* End PBXResourcesBuildPhase section */

/* Begin PBXSourcesBuildPhase section */
		3E0A95B523D5F29E0082373B /* Sources */ = {
			isa = PBXSourcesBuildPhase;
			buildActionMask = 2147483647;
			files = (
				3E0A95C223D5F29E0082373B /* sImple_Meditation.xcdatamodeld in Sources */,
				3E0A95BD23D5F29E0082373B /* AppDelegate.swift in Sources */,
				3E0A95C423D5F29E0082373B /* ContentView.swift in Sources */,
				3E0A95BF23D5F29E0082373B /* SceneDelegate.swift in Sources */,
				3E0A95F023D5F2DB0082373B /* TimerModel.swift in Sources */,
			);
			runOnlyForDeploymentPostprocessing = 0;
		};
		3E0A95CE23D5F2A20082373B /* Sources */ = {
			isa = PBXSourcesBuildPhase;
			buildActionMask = 2147483647;
			files = (
				3E0A95D723D5F2A20082373B /* sImple_MeditationTests.swift in Sources */,
			);
			runOnlyForDeploymentPostprocessing = 0;
		};
		3E0A95D923D5F2A20082373B /* Sources */ = {
			isa = PBXSourcesBuildPhase;
			buildActionMask = 2147483647;
			files = (
				3E0A95E223D5F2A20082373B /* sImple_MeditationUITests.swift in Sources */,
			);
			runOnlyForDeploymentPostprocessing = 0;
		};
/* End PBXSourcesBuildPhase section */

/* Begin PBXTargetDependency section */
		3E0A95D423D5F2A20082373B /* PBXTargetDependency */ = {
			isa = PBXTargetDependency;
			target = 3E0A95B823D5F29E0082373B /* sImple Meditation */;
			targetProxy = 3E0A95D323D5F2A20082373B /* PBXContainerItemProxy */;
		};
		3E0A95DF23D5F2A20082373B /* PBXTargetDependency */ = {
			isa = PBXTargetDependency;
			target = 3E0A95B823D5F29E0082373B /* sImple Meditation */;
			targetProxy = 3E0A95DE23D5F2A20082373B /* PBXContainerItemProxy */;
		};
/* End PBXTargetDependency section */

/* Begin PBXVariantGroup section */
		3E0A95CA23D5F2A10082373B /* LaunchScreen.storyboard */ = {
			isa = PBXVariantGroup;
			children = (
				3E0A95CB23D5F2A10082373B /* Base */,
			);
			name = LaunchScreen.storyboard;
			sourceTree = "<group>";
		};
/* End PBXVariantGroup section */

/* Begin XCBuildConfiguration section */
		3E0A95E423D5F2A20082373B /* Debug */ = {
			isa = XCBuildConfiguration;
			buildSettings = {
				ALWAYS_SEARCH_USER_PATHS = NO;
				CLANG_ANALYZER_NONNULL = YES;
				CLANG_ANALYZER_NUMBER_OBJECT_CONVERSION = YES_AGGRESSIVE;
				CLANG_CXX_LANGUAGE_STANDARD = "gnu++14";
				CLANG_CXX_LIBRARY = "libc++";
				CLANG_ENABLE_MODULES = YES;
				CLANG_ENABLE_OBJC_ARC = YES;
				CLANG_ENABLE_OBJC_WEAK = YES;
				CLANG_WARN_BLOCK_CAPTURE_AUTORELEASING = YES;
				CLANG_WARN_BOOL_CONVERSION = YES;
				CLANG_WARN_COMMA = YES;
				CLANG_WARN_CONSTANT_CONVERSION = YES;
				CLANG_WARN_DEPRECATED_OBJC_IMPLEMENTATIONS = YES;
				CLANG_WARN_DIRECT_OBJC_ISA_USAGE = YES_ERROR;
				CLANG_WARN_DOCUMENTATION_COMMENTS = YES;
				CLANG_WARN_EMPTY_BODY = YES;
				CLANG_WARN_ENUM_CONVERSION = YES;
				CLANG_WARN_INFINITE_RECURSION = YES;
				CLANG_WARN_INT_CONVERSION = YES;
				CLANG_WARN_NON_LITERAL_NULL_CONVERSION = YES;
				CLANG_WARN_OBJC_IMPLICIT_RETAIN_SELF = YES;
				CLANG_WARN_OBJC_LITERAL_CONVERSION = YES;
				CLANG_WARN_OBJC_ROOT_CLASS = YES_ERROR;
				CLANG_WARN_RANGE_LOOP_ANALYSIS = YES;
				CLANG_WARN_STRICT_PROTOTYPES = YES;
				CLANG_WARN_SUSPICIOUS_MOVE = YES;
				CLANG_WARN_UNGUARDED_AVAILABILITY = YES_AGGRESSIVE;
				CLANG_WARN_UNREACHABLE_CODE = YES;
				CLANG_WARN__DUPLICATE_METHOD_MATCH = YES;
				COPY_PHASE_STRIP = NO;
				DEBUG_INFORMATION_FORMAT = dwarf;
				ENABLE_STRICT_OBJC_MSGSEND = YES;
				ENABLE_TESTABILITY = YES;
				GCC_C_LANGUAGE_STANDARD = gnu11;
				GCC_DYNAMIC_NO_PIC = NO;
				GCC_NO_COMMON_BLOCKS = YES;
				GCC_OPTIMIZATION_LEVEL = 0;
				GCC_PREPROCESSOR_DEFINITIONS = (
					"DEBUG=1",
					"$(inherited)",
				);
				GCC_WARN_64_TO_32_BIT_CONVERSION = YES;
				GCC_WARN_ABOUT_RETURN_TYPE = YES_ERROR;
				GCC_WARN_UNDECLARED_SELECTOR = YES;
				GCC_WARN_UNINITIALIZED_AUTOS = YES_AGGRESSIVE;
				GCC_WARN_UNUSED_FUNCTION = YES;
				GCC_WARN_UNUSED_VARIABLE = YES;
				IPHONEOS_DEPLOYMENT_TARGET = 13.2;
				MTL_ENABLE_DEBUG_INFO = INCLUDE_SOURCE;
				MTL_FAST_MATH = YES;
				ONLY_ACTIVE_ARCH = YES;
				SDKROOT = iphoneos;
				SWIFT_ACTIVE_COMPILATION_CONDITIONS = DEBUG;
				SWIFT_OPTIMIZATION_LEVEL = "-Onone";
			};
			name = Debug;
		};
		3E0A95E523D5F2A20082373B /* Release */ = {
			isa = XCBuildConfiguration;
			buildSettings = {
				ALWAYS_SEARCH_USER_PATHS = NO;
				CLANG_ANALYZER_NONNULL = YES;
				CLANG_ANALYZER_NUMBER_OBJECT_CONVERSION = YES_AGGRESSIVE;
				CLANG_CXX_LANGUAGE_STANDARD = "gnu++14";
				CLANG_CXX_LIBRARY = "libc++";
				CLANG_ENABLE_MODULES = YES;
				CLANG_ENABLE_OBJC_ARC = YES;
				CLANG_ENABLE_OBJC_WEAK = YES;
				CLANG_WARN_BLOCK_CAPTURE_AUTORELEASING = YES;
				CLANG_WARN_BOOL_CONVERSION = YES;
				CLANG_WARN_COMMA = YES;
				CLANG_WARN_CONSTANT_CONVERSION = YES;
				CLANG_WARN_DEPRECATED_OBJC_IMPLEMENTATIONS = YES;
				CLANG_WARN_DIRECT_OBJC_ISA_USAGE = YES_ERROR;
				CLANG_WARN_DOCUMENTATION_COMMENTS = YES;
				CLANG_WARN_EMPTY_BODY = YES;
				CLANG_WARN_ENUM_CONVERSION = YES;
				CLANG_WARN_INFINITE_RECURSION = YES;
				CLANG_WARN_INT_CONVERSION = YES;
				CLANG_WARN_NON_LITERAL_NULL_CONVERSION = YES;
				CLANG_WARN_OBJC_IMPLICIT_RETAIN_SELF = YES;
				CLANG_WARN_OBJC_LITERAL_CONVERSION = YES;
				CLANG_WARN_OBJC_ROOT_CLASS = YES_ERROR;
				CLANG_WARN_RANGE_LOOP_ANALYSIS = YES;
				CLANG_WARN_STRICT_PROTOTYPES = YES;
				CLANG_WARN_SUSPICIOUS_MOVE = YES;
				CLANG_WARN_UNGUARDED_AVAILABILITY = YES_AGGRESSIVE;
				CLANG_WARN_UNREACHABLE_CODE = YES;
				CLANG_WARN__DUPLICATE_METHOD_MATCH = YES;
				COPY_PHASE_STRIP = NO;
				DEBUG_INFORMATION_FORMAT = "dwarf-with-dsym";
				ENABLE_NS_ASSERTIONS = NO;
				ENABLE_STRICT_OBJC_MSGSEND = YES;
				GCC_C_LANGUAGE_STANDARD = gnu11;
				GCC_NO_COMMON_BLOCKS = YES;
				GCC_WARN_64_TO_32_BIT_CONVERSION = YES;
				GCC_WARN_ABOUT_RETURN_TYPE = YES_ERROR;
				GCC_WARN_UNDECLARED_SELECTOR = YES;
				GCC_WARN_UNINITIALIZED_AUTOS = YES_AGGRESSIVE;
				GCC_WARN_UNUSED_FUNCTION = YES;
				GCC_WARN_UNUSED_VARIABLE = YES;
				IPHONEOS_DEPLOYMENT_TARGET = 13.2;
				MTL_ENABLE_DEBUG_INFO = NO;
				MTL_FAST_MATH = YES;
				SDKROOT = iphoneos;
				SWIFT_COMPILATION_MODE = wholemodule;
				SWIFT_OPTIMIZATION_LEVEL = "-O";
				VALIDATE_PRODUCT = YES;
			};
			name = Release;
		};
		3E0A95E723D5F2A20082373B /* Debug */ = {
			isa = XCBuildConfiguration;
			buildSettings = {
				ASSETCATALOG_COMPILER_APPICON_NAME = AppIcon;
				CODE_SIGN_STYLE = Automatic;
				DEVELOPMENT_ASSET_PATHS = "\"sImple Meditation/Preview Content\"";
				DEVELOPMENT_TEAM = E9ZR5MNAYN;
				ENABLE_PREVIEWS = YES;
				INFOPLIST_FILE = "sImple Meditation/Info.plist";
				LD_RUNPATH_SEARCH_PATHS = (
					"$(inherited)",
					"@executable_path/Frameworks",
				);
				PRODUCT_BUNDLE_IDENTIFIER = "com.highgravityconsulting.sImple-Meditation";
				PRODUCT_NAME = "$(TARGET_NAME)";
				SWIFT_VERSION = 5.0;
				TARGETED_DEVICE_FAMILY = "1,2";
			};
			name = Debug;
		};
		3E0A95E823D5F2A20082373B /* Release */ = {
			isa = XCBuildConfiguration;
			buildSettings = {
				ASSETCATALOG_COMPILER_APPICON_NAME = AppIcon;
				CODE_SIGN_STYLE = Automatic;
				DEVELOPMENT_ASSET_PATHS = "\"sImple Meditation/Preview Content\"";
				DEVELOPMENT_TEAM = E9ZR5MNAYN;
				ENABLE_PREVIEWS = YES;
				INFOPLIST_FILE = "sImple Meditation/Info.plist";
				LD_RUNPATH_SEARCH_PATHS = (
					"$(inherited)",
					"@executable_path/Frameworks",
				);
				PRODUCT_BUNDLE_IDENTIFIER = "com.highgravityconsulting.sImple-Meditation";
				PRODUCT_NAME = "$(TARGET_NAME)";
				SWIFT_VERSION = 5.0;
				TARGETED_DEVICE_FAMILY = "1,2";
			};
			name = Release;
		};
		3E0A95EA23D5F2A20082373B /* Debug */ = {
			isa = XCBuildConfiguration;
			buildSettings = {
				ALWAYS_EMBED_SWIFT_STANDARD_LIBRARIES = YES;
				BUNDLE_LOADER = "$(TEST_HOST)";
				CODE_SIGN_STYLE = Automatic;
				DEVELOPMENT_TEAM = E9ZR5MNAYN;
				INFOPLIST_FILE = "sImple MeditationTests/Info.plist";
				IPHONEOS_DEPLOYMENT_TARGET = 13.2;
				LD_RUNPATH_SEARCH_PATHS = (
					"$(inherited)",
					"@executable_path/Frameworks",
					"@loader_path/Frameworks",
				);
				PRODUCT_BUNDLE_IDENTIFIER = "com.highgravityconsulting.sImple-MeditationTests";
				PRODUCT_NAME = "$(TARGET_NAME)";
				SWIFT_VERSION = 5.0;
				TARGETED_DEVICE_FAMILY = "1,2";
				TEST_HOST = "$(BUILT_PRODUCTS_DIR)/sImple Meditation.app/sImple Meditation";
			};
			name = Debug;
		};
		3E0A95EB23D5F2A20082373B /* Release */ = {
			isa = XCBuildConfiguration;
			buildSettings = {
				ALWAYS_EMBED_SWIFT_STANDARD_LIBRARIES = YES;
				BUNDLE_LOADER = "$(TEST_HOST)";
				CODE_SIGN_STYLE = Automatic;
				DEVELOPMENT_TEAM = E9ZR5MNAYN;
				INFOPLIST_FILE = "sImple MeditationTests/Info.plist";
				IPHONEOS_DEPLOYMENT_TARGET = 13.2;
				LD_RUNPATH_SEARCH_PATHS = (
					"$(inherited)",
					"@executable_path/Frameworks",
					"@loader_path/Frameworks",
				);
				PRODUCT_BUNDLE_IDENTIFIER = "com.highgravityconsulting.sImple-MeditationTests";
				PRODUCT_NAME = "$(TARGET_NAME)";
				SWIFT_VERSION = 5.0;
				TARGETED_DEVICE_FAMILY = "1,2";
				TEST_HOST = "$(BUILT_PRODUCTS_DIR)/sImple Meditation.app/sImple Meditation";
			};
			name = Release;
		};
		3E0A95ED23D5F2A20082373B /* Debug */ = {
			isa = XCBuildConfiguration;
			buildSettings = {
				ALWAYS_EMBED_SWIFT_STANDARD_LIBRARIES = YES;
				CODE_SIGN_STYLE = Automatic;
				DEVELOPMENT_TEAM = E9ZR5MNAYN;
				INFOPLIST_FILE = "sImple MeditationUITests/Info.plist";
				LD_RUNPATH_SEARCH_PATHS = (
					"$(inherited)",
					"@executable_path/Frameworks",
					"@loader_path/Frameworks",
				);
				PRODUCT_BUNDLE_IDENTIFIER = "com.highgravityconsulting.sImple-MeditationUITests";
				PRODUCT_NAME = "$(TARGET_NAME)";
				SWIFT_VERSION = 5.0;
				TARGETED_DEVICE_FAMILY = "1,2";
				TEST_TARGET_NAME = "sImple Meditation";
			};
			name = Debug;
		};
		3E0A95EE23D5F2A20082373B /* Release */ = {
			isa = XCBuildConfiguration;
			buildSettings = {
				ALWAYS_EMBED_SWIFT_STANDARD_LIBRARIES = YES;
				CODE_SIGN_STYLE = Automatic;
				DEVELOPMENT_TEAM = E9ZR5MNAYN;
				INFOPLIST_FILE = "sImple MeditationUITests/Info.plist";
				LD_RUNPATH_SEARCH_PATHS = (
					"$(inherited)",
					"@executable_path/Frameworks",
					"@loader_path/Frameworks",
				);
				PRODUCT_BUNDLE_IDENTIFIER = "com.highgravityconsulting.sImple-MeditationUITests";
				PRODUCT_NAME = "$(TARGET_NAME)";
				SWIFT_VERSION = 5.0;
				TARGETED_DEVICE_FAMILY = "1,2";
				TEST_TARGET_NAME = "sImple Meditation";
			};
			name = Release;
		};
/* End XCBuildConfiguration section */

/* Begin XCConfigurationList section */
		3E0A95B423D5F29E0082373B /* Build configuration list for PBXProject "sImple Meditation" */ = {
			isa = XCConfigurationList;
			buildConfigurations = (
				3E0A95E423D5F2A20082373B /* Debug */,
				3E0A95E523D5F2A20082373B /* Release */,
			);
			defaultConfigurationIsVisible = 0;
			defaultConfigurationName = Release;
		};
		3E0A95E623D5F2A20082373B /* Build configuration list for PBXNativeTarget "sImple Meditation" */ = {
			isa = XCConfigurationList;
			buildConfigurations = (
				3E0A95E723D5F2A20082373B /* Debug */,
				3E0A95E823D5F2A20082373B /* Release */,
			);
			defaultConfigurationIsVisible = 0;
			defaultConfigurationName = Release;
		};
		3E0A95E923D5F2A20082373B /* Build configuration list for PBXNativeTarget "sImple MeditationTests" */ = {
			isa = XCConfigurationList;
			buildConfigurations = (
				3E0A95EA23D5F2A20082373B /* Debug */,
				3E0A95EB23D5F2A20082373B /* Release */,
			);
			defaultConfigurationIsVisible = 0;
			defaultConfigurationName = Release;
		};
		3E0A95EC23D5F2A20082373B /* Build configuration list for PBXNativeTarget "sImple MeditationUITests" */ = {
			isa = XCConfigurationList;
			buildConfigurations = (
				3E0A95ED23D5F2A20082373B /* Debug */,
				3E0A95EE23D5F2A20082373B /* Release */,
			);
			defaultConfigurationIsVisible = 0;
			defaultConfigurationName = Release;
		};
/* End XCConfigurationList section */

/* Begin XCVersionGroup section */
		3E0A95C023D5F29E0082373B /* sImple_Meditation.xcdatamodeld */ = {
			isa = XCVersionGroup;
			children = (
				3E0A95C123D5F29E0082373B /* sImple_Meditation.xcdatamodel */,
			);
			currentVersion = 3E0A95C123D5F29E0082373B /* sImple_Meditation.xcdatamodel */;
			path = sImple_Meditation.xcdatamodeld;
			sourceTree = "<group>";
			versionGroupType = wrapper.xcdatamodel;
		};
/* End XCVersionGroup section */
	};
	rootObject = 3E0A95B123D5F29E0082373B /* Project object */;
}
